// !$*UTF8*$!
{
	archiveVersion = 1;
	classes = {
	};
	objectVersion = 50;
	objects = {

/* Begin PBXBuildFile section */
		7F1225D026741C3F0078CF3D /* AppDelegate.swift in Sources */ = {isa = PBXBuildFile; fileRef = 7F1225CF26741C3F0078CF3D /* AppDelegate.swift */; };
		7F1225D226741C3F0078CF3D /* SceneDelegate.swift in Sources */ = {isa = PBXBuildFile; fileRef = 7F1225D126741C3F0078CF3D /* SceneDelegate.swift */; };
		7F1225D426741C3F0078CF3D /* ForcastViewController.swift in Sources */ = {isa = PBXBuildFile; fileRef = 7F1225D326741C3F0078CF3D /* ForcastViewController.swift */; };
		7F1225D726741C3F0078CF3D /* Main.storyboard in Resources */ = {isa = PBXBuildFile; fileRef = 7F1225D526741C3F0078CF3D /* Main.storyboard */; };
		7F1225D926741C420078CF3D /* Assets.xcassets in Resources */ = {isa = PBXBuildFile; fileRef = 7F1225D826741C420078CF3D /* Assets.xcassets */; };
		7F1225DC26741C420078CF3D /* LaunchScreen.storyboard in Resources */ = {isa = PBXBuildFile; fileRef = 7F1225DA26741C420078CF3D /* LaunchScreen.storyboard */; };
		7F1225E726741C430078CF3D /* WeatherTests.swift in Sources */ = {isa = PBXBuildFile; fileRef = 7F1225E626741C430078CF3D /* WeatherTests.swift */; };
		7F1225F226741C430078CF3D /* WeatherUITests.swift in Sources */ = {isa = PBXBuildFile; fileRef = 7F1225F126741C430078CF3D /* WeatherUITests.swift */; };
		7F12261526745CFC0078CF3D /* CurrentForcastView.swift in Sources */ = {isa = PBXBuildFile; fileRef = 7F12261426745CFC0078CF3D /* CurrentForcastView.swift */; };
		7F12262826745FEC0078CF3D /* WeekForcastTableViewCell.swift in Sources */ = {isa = PBXBuildFile; fileRef = 7F12262726745FEC0078CF3D /* WeekForcastTableViewCell.swift */; };
		7F12262E26746DE60078CF3D /* AppError.swift in Sources */ = {isa = PBXBuildFile; fileRef = 7F12262D26746DE60078CF3D /* AppError.swift */; };
		7F12263426746E150078CF3D /* NetworkManager.swift in Sources */ = {isa = PBXBuildFile; fileRef = 7F12263326746E150078CF3D /* NetworkManager.swift */; };
/* End PBXBuildFile section */

/* Begin PBXContainerItemProxy section */
		7F1225E326741C430078CF3D /* PBXContainerItemProxy */ = {
			isa = PBXContainerItemProxy;
			containerPortal = 7F1225C426741C3F0078CF3D /* Project object */;
			proxyType = 1;
			remoteGlobalIDString = 7F1225CB26741C3F0078CF3D;
			remoteInfo = Weather;
		};
		7F1225EE26741C430078CF3D /* PBXContainerItemProxy */ = {
			isa = PBXContainerItemProxy;
			containerPortal = 7F1225C426741C3F0078CF3D /* Project object */;
			proxyType = 1;
			remoteGlobalIDString = 7F1225CB26741C3F0078CF3D;
			remoteInfo = Weather;
		};
/* End PBXContainerItemProxy section */

/* Begin PBXFileReference section */
		7F1225CC26741C3F0078CF3D /* Weather.app */ = {isa = PBXFileReference; explicitFileType = wrapper.application; includeInIndex = 0; path = Weather.app; sourceTree = BUILT_PRODUCTS_DIR; };
		7F1225CF26741C3F0078CF3D /* AppDelegate.swift */ = {isa = PBXFileReference; lastKnownFileType = sourcecode.swift; path = AppDelegate.swift; sourceTree = "<group>"; };
		7F1225D126741C3F0078CF3D /* SceneDelegate.swift */ = {isa = PBXFileReference; lastKnownFileType = sourcecode.swift; path = SceneDelegate.swift; sourceTree = "<group>"; };
		7F1225D326741C3F0078CF3D /* ForcastViewController.swift */ = {isa = PBXFileReference; lastKnownFileType = sourcecode.swift; path = ForcastViewController.swift; sourceTree = "<group>"; };
		7F1225D626741C3F0078CF3D /* Base */ = {isa = PBXFileReference; lastKnownFileType = file.storyboard; name = Base; path = Base.lproj/Main.storyboard; sourceTree = "<group>"; };
		7F1225D826741C420078CF3D /* Assets.xcassets */ = {isa = PBXFileReference; lastKnownFileType = folder.assetcatalog; path = Assets.xcassets; sourceTree = "<group>"; };
		7F1225DB26741C420078CF3D /* Base */ = {isa = PBXFileReference; lastKnownFileType = file.storyboard; name = Base; path = Base.lproj/LaunchScreen.storyboard; sourceTree = "<group>"; };
		7F1225DD26741C420078CF3D /* Info.plist */ = {isa = PBXFileReference; lastKnownFileType = text.plist.xml; path = Info.plist; sourceTree = "<group>"; };
		7F1225E226741C430078CF3D /* WeatherTests.xctest */ = {isa = PBXFileReference; explicitFileType = wrapper.cfbundle; includeInIndex = 0; path = WeatherTests.xctest; sourceTree = BUILT_PRODUCTS_DIR; };
		7F1225E626741C430078CF3D /* WeatherTests.swift */ = {isa = PBXFileReference; lastKnownFileType = sourcecode.swift; path = WeatherTests.swift; sourceTree = "<group>"; };
		7F1225E826741C430078CF3D /* Info.plist */ = {isa = PBXFileReference; lastKnownFileType = text.plist.xml; path = Info.plist; sourceTree = "<group>"; };
		7F1225ED26741C430078CF3D /* WeatherUITests.xctest */ = {isa = PBXFileReference; explicitFileType = wrapper.cfbundle; includeInIndex = 0; path = WeatherUITests.xctest; sourceTree = BUILT_PRODUCTS_DIR; };
		7F1225F126741C430078CF3D /* WeatherUITests.swift */ = {isa = PBXFileReference; lastKnownFileType = sourcecode.swift; path = WeatherUITests.swift; sourceTree = "<group>"; };
		7F1225F326741C430078CF3D /* Info.plist */ = {isa = PBXFileReference; lastKnownFileType = text.plist.xml; path = Info.plist; sourceTree = "<group>"; };
		7F12261426745CFC0078CF3D /* CurrentForcastView.swift */ = {isa = PBXFileReference; lastKnownFileType = sourcecode.swift; path = CurrentForcastView.swift; sourceTree = "<group>"; };
		7F12262726745FEC0078CF3D /* WeekForcastTableViewCell.swift */ = {isa = PBXFileReference; lastKnownFileType = sourcecode.swift; path = WeekForcastTableViewCell.swift; sourceTree = "<group>"; };
		7F12262D26746DE60078CF3D /* AppError.swift */ = {isa = PBXFileReference; lastKnownFileType = sourcecode.swift; path = AppError.swift; sourceTree = "<group>"; };
		7F12263326746E150078CF3D /* NetworkManager.swift */ = {isa = PBXFileReference; lastKnownFileType = sourcecode.swift; path = NetworkManager.swift; sourceTree = "<group>"; };
/* End PBXFileReference section */

/* Begin PBXFrameworksBuildPhase section */
		7F1225C926741C3F0078CF3D /* Frameworks */ = {
			isa = PBXFrameworksBuildPhase;
			buildActionMask = 2147483647;
			files = (
			);
			runOnlyForDeploymentPostprocessing = 0;
		};
		7F1225DF26741C430078CF3D /* Frameworks */ = {
			isa = PBXFrameworksBuildPhase;
			buildActionMask = 2147483647;
			files = (
			);
			runOnlyForDeploymentPostprocessing = 0;
		};
		7F1225EA26741C430078CF3D /* Frameworks */ = {
			isa = PBXFrameworksBuildPhase;
			buildActionMask = 2147483647;
			files = (
			);
			runOnlyForDeploymentPostprocessing = 0;
		};
/* End PBXFrameworksBuildPhase section */

/* Begin PBXGroup section */
		7F1225C326741C3F0078CF3D = {
			isa = PBXGroup;
			children = (
				7F1225CE26741C3F0078CF3D /* Weather */,
				7F1225E526741C430078CF3D /* WeatherTests */,
				7F1225F026741C430078CF3D /* WeatherUITests */,
				7F1225CD26741C3F0078CF3D /* Products */,
			);
			sourceTree = "<group>";
		};
		7F1225CD26741C3F0078CF3D /* Products */ = {
			isa = PBXGroup;
			children = (
				7F1225CC26741C3F0078CF3D /* Weather.app */,
				7F1225E226741C430078CF3D /* WeatherTests.xctest */,
				7F1225ED26741C430078CF3D /* WeatherUITests.xctest */,
			);
			name = Products;
			sourceTree = "<group>";
		};
		7F1225CE26741C3F0078CF3D /* Weather */ = {
			isa = PBXGroup;
			children = (
				7F122603267457760078CF3D /* Supporting Files */,
				7F122602267457480078CF3D /* MVC */,
				7F122604267457900078CF3D /* Main Storyboard */,
				7F1225DD26741C420078CF3D /* Info.plist */,
			);
			path = Weather;
			sourceTree = "<group>";
		};
		7F1225E526741C430078CF3D /* WeatherTests */ = {
			isa = PBXGroup;
			children = (
				7F1225E626741C430078CF3D /* WeatherTests.swift */,
				7F1225E826741C430078CF3D /* Info.plist */,
			);
			path = WeatherTests;
			sourceTree = "<group>";
		};
		7F1225F026741C430078CF3D /* WeatherUITests */ = {
			isa = PBXGroup;
			children = (
				7F1225F126741C430078CF3D /* WeatherUITests.swift */,
				7F1225F326741C430078CF3D /* Info.plist */,
			);
			path = WeatherUITests;
			sourceTree = "<group>";
		};
		7F122602267457480078CF3D /* MVC */ = {
			isa = PBXGroup;
			children = (
				7F12261326745CC30078CF3D /* Model */,
				7F12261226745CB20078CF3D /* View */,
				7F122605267457B00078CF3D /* Controllers */,
			);
			path = MVC;
			sourceTree = "<group>";
		};
		7F122603267457760078CF3D /* Supporting Files */ = {
			isa = PBXGroup;
			children = (
				7F1225DA26741C420078CF3D /* LaunchScreen.storyboard */,
				7F1225D826741C420078CF3D /* Assets.xcassets */,
				7F1225CF26741C3F0078CF3D /* AppDelegate.swift */,
				7F1225D126741C3F0078CF3D /* SceneDelegate.swift */,
			);
			name = "Supporting Files";
			sourceTree = "<group>";
		};
		7F122604267457900078CF3D /* Main Storyboard */ = {
			isa = PBXGroup;
			children = (
				7F1225D526741C3F0078CF3D /* Main.storyboard */,
			);
			path = "Main Storyboard";
			sourceTree = "<group>";
		};
		7F122605267457B00078CF3D /* Controllers */ = {
			isa = PBXGroup;
			children = (
				7F1225D326741C3F0078CF3D /* ForcastViewController.swift */,
			);
			path = Controllers;
			sourceTree = "<group>";
		};
		7F12261226745CB20078CF3D /* View */ = {
			isa = PBXGroup;
			children = (
				7F12261A26745F6C0078CF3D /* UITableCell */,
				7F12261926745F630078CF3D /* UIView */,
			);
			path = View;
			sourceTree = "<group>";
		};
		7F12261326745CC30078CF3D /* Model */ = {
			isa = PBXGroup;
			children = (
				7F12263226746DF50078CF3D /* NetworkManager */,
				7F12262C26746DAE0078CF3D /* App Error */,
			);
			name = Model;
			sourceTree = "<group>";
		};
		7F12261926745F630078CF3D /* UIView */ = {
			isa = PBXGroup;
			children = (
				7F12261426745CFC0078CF3D /* CurrentForcastView.swift */,
			);
			path = UIView;
			sourceTree = "<group>";
		};
		7F12261A26745F6C0078CF3D /* UITableCell */ = {
			isa = PBXGroup;
			children = (
				7F12262726745FEC0078CF3D /* WeekForcastTableViewCell.swift */,
			);
			path = UITableCell;
			sourceTree = "<group>";
		};
		7F12262C26746DAE0078CF3D /* App Error */ = {
			isa = PBXGroup;
			children = (
				7F12262D26746DE60078CF3D /* AppError.swift */,
			);
			path = "App Error";
			sourceTree = "<group>";
		};
		7F12263226746DF50078CF3D /* NetworkManager */ = {
			isa = PBXGroup;
			children = (
				7F12263326746E150078CF3D /* NetworkManager.swift */,
			);
			name = NetworkManager;
			sourceTree = "<group>";
		};
/* End PBXGroup section */

/* Begin PBXNativeTarget section */
		7F1225CB26741C3F0078CF3D /* Weather */ = {
			isa = PBXNativeTarget;
			buildConfigurationList = 7F1225F626741C430078CF3D /* Build configuration list for PBXNativeTarget "Weather" */;
			buildPhases = (
				7F1225C826741C3F0078CF3D /* Sources */,
				7F1225C926741C3F0078CF3D /* Frameworks */,
				7F1225CA26741C3F0078CF3D /* Resources */,
			);
			buildRules = (
			);
			dependencies = (
			);
			name = Weather;
			productName = Weather;
			productReference = 7F1225CC26741C3F0078CF3D /* Weather.app */;
			productType = "com.apple.product-type.application";
		};
		7F1225E126741C430078CF3D /* WeatherTests */ = {
			isa = PBXNativeTarget;
			buildConfigurationList = 7F1225F926741C430078CF3D /* Build configuration list for PBXNativeTarget "WeatherTests" */;
			buildPhases = (
				7F1225DE26741C430078CF3D /* Sources */,
				7F1225DF26741C430078CF3D /* Frameworks */,
				7F1225E026741C430078CF3D /* Resources */,
			);
			buildRules = (
			);
			dependencies = (
				7F1225E426741C430078CF3D /* PBXTargetDependency */,
			);
			name = WeatherTests;
			productName = WeatherTests;
			productReference = 7F1225E226741C430078CF3D /* WeatherTests.xctest */;
			productType = "com.apple.product-type.bundle.unit-test";
		};
		7F1225EC26741C430078CF3D /* WeatherUITests */ = {
			isa = PBXNativeTarget;
			buildConfigurationList = 7F1225FC26741C430078CF3D /* Build configuration list for PBXNativeTarget "WeatherUITests" */;
			buildPhases = (
				7F1225E926741C430078CF3D /* Sources */,
				7F1225EA26741C430078CF3D /* Frameworks */,
				7F1225EB26741C430078CF3D /* Resources */,
			);
			buildRules = (
			);
			dependencies = (
				7F1225EF26741C430078CF3D /* PBXTargetDependency */,
			);
			name = WeatherUITests;
			productName = WeatherUITests;
			productReference = 7F1225ED26741C430078CF3D /* WeatherUITests.xctest */;
			productType = "com.apple.product-type.bundle.ui-testing";
		};
/* End PBXNativeTarget section */

/* Begin PBXProject section */
		7F1225C426741C3F0078CF3D /* Project object */ = {
			isa = PBXProject;
			attributes = {
				LastSwiftUpdateCheck = 1230;
				LastUpgradeCheck = 1230;
				TargetAttributes = {
					7F1225CB26741C3F0078CF3D = {
						CreatedOnToolsVersion = 12.3;
					};
					7F1225E126741C430078CF3D = {
						CreatedOnToolsVersion = 12.3;
						TestTargetID = 7F1225CB26741C3F0078CF3D;
					};
					7F1225EC26741C430078CF3D = {
						CreatedOnToolsVersion = 12.3;
						TestTargetID = 7F1225CB26741C3F0078CF3D;
					};
				};
			};
			buildConfigurationList = 7F1225C726741C3F0078CF3D /* Build configuration list for PBXProject "Weather" */;
			compatibilityVersion = "Xcode 9.3";
			developmentRegion = en;
			hasScannedForEncodings = 0;
			knownRegions = (
				en,
				Base,
			);
			mainGroup = 7F1225C326741C3F0078CF3D;
			productRefGroup = 7F1225CD26741C3F0078CF3D /* Products */;
			projectDirPath = "";
			projectRoot = "";
			targets = (
				7F1225CB26741C3F0078CF3D /* Weather */,
				7F1225E126741C430078CF3D /* WeatherTests */,
				7F1225EC26741C430078CF3D /* WeatherUITests */,
			);
		};
/* End PBXProject section */

/* Begin PBXResourcesBuildPhase section */
		7F1225CA26741C3F0078CF3D /* Resources */ = {
			isa = PBXResourcesBuildPhase;
			buildActionMask = 2147483647;
			files = (
				7F1225DC26741C420078CF3D /* LaunchScreen.storyboard in Resources */,
				7F1225D926741C420078CF3D /* Assets.xcassets in Resources */,
				7F1225D726741C3F0078CF3D /* Main.storyboard in Resources */,
			);
			runOnlyForDeploymentPostprocessing = 0;
		};
		7F1225E026741C430078CF3D /* Resources */ = {
			isa = PBXResourcesBuildPhase;
			buildActionMask = 2147483647;
			files = (
			);
			runOnlyForDeploymentPostprocessing = 0;
		};
		7F1225EB26741C430078CF3D /* Resources */ = {
			isa = PBXResourcesBuildPhase;
			buildActionMask = 2147483647;
			files = (
			);
			runOnlyForDeploymentPostprocessing = 0;
		};
/* End PBXResourcesBuildPhase section */

/* Begin PBXSourcesBuildPhase section */
		7F1225C826741C3F0078CF3D /* Sources */ = {
			isa = PBXSourcesBuildPhase;
			buildActionMask = 2147483647;
			files = (
				7F1225D426741C3F0078CF3D /* ForcastViewController.swift in Sources */,
				7F1225D026741C3F0078CF3D /* AppDelegate.swift in Sources */,
				7F12262E26746DE60078CF3D /* AppError.swift in Sources */,
				7F12263426746E150078CF3D /* NetworkManager.swift in Sources */,
				7F1225D226741C3F0078CF3D /* SceneDelegate.swift in Sources */,
				7F12262826745FEC0078CF3D /* WeekForcastTableViewCell.swift in Sources */,
				7F12261526745CFC0078CF3D /* CurrentForcastView.swift in Sources */,
			);
			runOnlyForDeploymentPostprocessing = 0;
		};
		7F1225DE26741C430078CF3D /* Sources */ = {
			isa = PBXSourcesBuildPhase;
			buildActionMask = 2147483647;
			files = (
				7F1225E726741C430078CF3D /* WeatherTests.swift in Sources */,
			);
			runOnlyForDeploymentPostprocessing = 0;
		};
		7F1225E926741C430078CF3D /* Sources */ = {
			isa = PBXSourcesBuildPhase;
			buildActionMask = 2147483647;
			files = (
				7F1225F226741C430078CF3D /* WeatherUITests.swift in Sources */,
			);
			runOnlyForDeploymentPostprocessing = 0;
		};
/* End PBXSourcesBuildPhase section */

/* Begin PBXTargetDependency section */
		7F1225E426741C430078CF3D /* PBXTargetDependency */ = {
			isa = PBXTargetDependency;
			target = 7F1225CB26741C3F0078CF3D /* Weather */;
			targetProxy = 7F1225E326741C430078CF3D /* PBXContainerItemProxy */;
		};
		7F1225EF26741C430078CF3D /* PBXTargetDependency */ = {
			isa = PBXTargetDependency;
			target = 7F1225CB26741C3F0078CF3D /* Weather */;
			targetProxy = 7F1225EE26741C430078CF3D /* PBXContainerItemProxy */;
		};
/* End PBXTargetDependency section */

/* Begin PBXVariantGroup section */
		7F1225D526741C3F0078CF3D /* Main.storyboard */ = {
			isa = PBXVariantGroup;
			children = (
				7F1225D626741C3F0078CF3D /* Base */,
			);
			name = Main.storyboard;
			sourceTree = "<group>";
		};
		7F1225DA26741C420078CF3D /* LaunchScreen.storyboard */ = {
			isa = PBXVariantGroup;
			children = (
				7F1225DB26741C420078CF3D /* Base */,
			);
			name = LaunchScreen.storyboard;
			sourceTree = "<group>";
		};
/* End PBXVariantGroup section */

/* Begin XCBuildConfiguration section */
		7F1225F426741C430078CF3D /* Debug */ = {
			isa = XCBuildConfiguration;
			buildSettings = {
				ALWAYS_SEARCH_USER_PATHS = NO;
				CLANG_ANALYZER_NONNULL = YES;
				CLANG_ANALYZER_NUMBER_OBJECT_CONVERSION = YES_AGGRESSIVE;
				CLANG_CXX_LANGUAGE_STANDARD = "gnu++14";
				CLANG_CXX_LIBRARY = "libc++";
				CLANG_ENABLE_MODULES = YES;
				CLANG_ENABLE_OBJC_ARC = YES;
				CLANG_ENABLE_OBJC_WEAK = YES;
				CLANG_WARN_BLOCK_CAPTURE_AUTORELEASING = YES;
				CLANG_WARN_BOOL_CONVERSION = YES;
				CLANG_WARN_COMMA = YES;
				CLANG_WARN_CONSTANT_CONVERSION = YES;
				CLANG_WARN_DEPRECATED_OBJC_IMPLEMENTATIONS = YES;
				CLANG_WARN_DIRECT_OBJC_ISA_USAGE = YES_ERROR;
				CLANG_WARN_DOCUMENTATION_COMMENTS = YES;
				CLANG_WARN_EMPTY_BODY = YES;
				CLANG_WARN_ENUM_CONVERSION = YES;
				CLANG_WARN_INFINITE_RECURSION = YES;
				CLANG_WARN_INT_CONVERSION = YES;
				CLANG_WARN_NON_LITERAL_NULL_CONVERSION = YES;
				CLANG_WARN_OBJC_IMPLICIT_RETAIN_SELF = YES;
				CLANG_WARN_OBJC_LITERAL_CONVERSION = YES;
				CLANG_WARN_OBJC_ROOT_CLASS = YES_ERROR;
				CLANG_WARN_QUOTED_INCLUDE_IN_FRAMEWORK_HEADER = YES;
				CLANG_WARN_RANGE_LOOP_ANALYSIS = YES;
				CLANG_WARN_STRICT_PROTOTYPES = YES;
				CLANG_WARN_SUSPICIOUS_MOVE = YES;
				CLANG_WARN_UNGUARDED_AVAILABILITY = YES_AGGRESSIVE;
				CLANG_WARN_UNREACHABLE_CODE = YES;
				CLANG_WARN__DUPLICATE_METHOD_MATCH = YES;
				COPY_PHASE_STRIP = NO;
				DEBUG_INFORMATION_FORMAT = dwarf;
				ENABLE_STRICT_OBJC_MSGSEND = YES;
				ENABLE_TESTABILITY = YES;
				GCC_C_LANGUAGE_STANDARD = gnu11;
				GCC_DYNAMIC_NO_PIC = NO;
				GCC_NO_COMMON_BLOCKS = YES;
				GCC_OPTIMIZATION_LEVEL = 0;
				GCC_PREPROCESSOR_DEFINITIONS = (
					"DEBUG=1",
					"$(inherited)",
				);
				GCC_WARN_64_TO_32_BIT_CONVERSION = YES;
				GCC_WARN_ABOUT_RETURN_TYPE = YES_ERROR;
				GCC_WARN_UNDECLARED_SELECTOR = YES;
				GCC_WARN_UNINITIALIZED_AUTOS = YES_AGGRESSIVE;
				GCC_WARN_UNUSED_FUNCTION = YES;
				GCC_WARN_UNUSED_VARIABLE = YES;
				IPHONEOS_DEPLOYMENT_TARGET = 14.3;
				MTL_ENABLE_DEBUG_INFO = INCLUDE_SOURCE;
				MTL_FAST_MATH = YES;
				ONLY_ACTIVE_ARCH = YES;
				SDKROOT = iphoneos;
				SWIFT_ACTIVE_COMPILATION_CONDITIONS = DEBUG;
				SWIFT_OPTIMIZATION_LEVEL = "-Onone";
			};
			name = Debug;
		};
		7F1225F526741C430078CF3D /* Release */ = {
			isa = XCBuildConfiguration;
			buildSettings = {
				ALWAYS_SEARCH_USER_PATHS = NO;
				CLANG_ANALYZER_NONNULL = YES;
				CLANG_ANALYZER_NUMBER_OBJECT_CONVERSION = YES_AGGRESSIVE;
				CLANG_CXX_LANGUAGE_STANDARD = "gnu++14";
				CLANG_CXX_LIBRARY = "libc++";
				CLANG_ENABLE_MODULES = YES;
				CLANG_ENABLE_OBJC_ARC = YES;
				CLANG_ENABLE_OBJC_WEAK = YES;
				CLANG_WARN_BLOCK_CAPTURE_AUTORELEASING = YES;
				CLANG_WARN_BOOL_CONVERSION = YES;
				CLANG_WARN_COMMA = YES;
				CLANG_WARN_CONSTANT_CONVERSION = YES;
				CLANG_WARN_DEPRECATED_OBJC_IMPLEMENTATIONS = YES;
				CLANG_WARN_DIRECT_OBJC_ISA_USAGE = YES_ERROR;
				CLANG_WARN_DOCUMENTATION_COMMENTS = YES;
				CLANG_WARN_EMPTY_BODY = YES;
				CLANG_WARN_ENUM_CONVERSION = YES;
				CLANG_WARN_INFINITE_RECURSION = YES;
				CLANG_WARN_INT_CONVERSION = YES;
				CLANG_WARN_NON_LITERAL_NULL_CONVERSION = YES;
				CLANG_WARN_OBJC_IMPLICIT_RETAIN_SELF = YES;
				CLANG_WARN_OBJC_LITERAL_CONVERSION = YES;
				CLANG_WARN_OBJC_ROOT_CLASS = YES_ERROR;
				CLANG_WARN_QUOTED_INCLUDE_IN_FRAMEWORK_HEADER = YES;
				CLANG_WARN_RANGE_LOOP_ANALYSIS = YES;
				CLANG_WARN_STRICT_PROTOTYPES = YES;
				CLANG_WARN_SUSPICIOUS_MOVE = YES;
				CLANG_WARN_UNGUARDED_AVAILABILITY = YES_AGGRESSIVE;
				CLANG_WARN_UNREACHABLE_CODE = YES;
				CLANG_WARN__DUPLICATE_METHOD_MATCH = YES;
				COPY_PHASE_STRIP = NO;
				DEBUG_INFORMATION_FORMAT = "dwarf-with-dsym";
				ENABLE_NS_ASSERTIONS = NO;
				ENABLE_STRICT_OBJC_MSGSEND = YES;
				GCC_C_LANGUAGE_STANDARD = gnu11;
				GCC_NO_COMMON_BLOCKS = YES;
				GCC_WARN_64_TO_32_BIT_CONVERSION = YES;
				GCC_WARN_ABOUT_RETURN_TYPE = YES_ERROR;
				GCC_WARN_UNDECLARED_SELECTOR = YES;
				GCC_WARN_UNINITIALIZED_AUTOS = YES_AGGRESSIVE;
				GCC_WARN_UNUSED_FUNCTION = YES;
				GCC_WARN_UNUSED_VARIABLE = YES;
				IPHONEOS_DEPLOYMENT_TARGET = 14.3;
				MTL_ENABLE_DEBUG_INFO = NO;
				MTL_FAST_MATH = YES;
				SDKROOT = iphoneos;
				SWIFT_COMPILATION_MODE = wholemodule;
				SWIFT_OPTIMIZATION_LEVEL = "-O";
				VALIDATE_PRODUCT = YES;
			};
			name = Release;
		};
		7F1225F726741C430078CF3D /* Debug */ = {
			isa = XCBuildConfiguration;
			buildSettings = {
				ASSETCATALOG_COMPILER_APPICON_NAME = AppIcon;
				ASSETCATALOG_COMPILER_GLOBAL_ACCENT_COLOR_NAME = AccentColor;
				CODE_SIGN_STYLE = Automatic;
				DEVELOPMENT_TEAM = RFPRDQU6MN;
				INFOPLIST_FILE = Weather/Info.plist;
				LD_RUNPATH_SEARCH_PATHS = (
					"$(inherited)",
					"@executable_path/Frameworks",
				);
				PRODUCT_BUNDLE_IDENTIFIER = iOS.Weather;
				PRODUCT_NAME = "$(TARGET_NAME)";
				SWIFT_VERSION = 5.0;
				TARGETED_DEVICE_FAMILY = "1,2";
			};
			name = Debug;
		};
		7F1225F826741C430078CF3D /* Release */ = {
			isa = XCBuildConfiguration;
			buildSettings = {
				ASSETCATALOG_COMPILER_APPICON_NAME = AppIcon;
				ASSETCATALOG_COMPILER_GLOBAL_ACCENT_COLOR_NAME = AccentColor;
				CODE_SIGN_STYLE = Automatic;
				DEVELOPMENT_TEAM = RFPRDQU6MN;
				INFOPLIST_FILE = Weather/Info.plist;
				LD_RUNPATH_SEARCH_PATHS = (
					"$(inherited)",
					"@executable_path/Frameworks",
				);
				PRODUCT_BUNDLE_IDENTIFIER = iOS.Weather;
				PRODUCT_NAME = "$(TARGET_NAME)";
				SWIFT_VERSION = 5.0;
				TARGETED_DEVICE_FAMILY = "1,2";
			};
			name = Release;
		};
		7F1225FA26741C430078CF3D /* Debug */ = {
			isa = XCBuildConfiguration;
			buildSettings = {
				ALWAYS_EMBED_SWIFT_STANDARD_LIBRARIES = YES;
				BUNDLE_LOADER = "$(TEST_HOST)";
				CODE_SIGN_STYLE = Automatic;
				DEVELOPMENT_TEAM = RFPRDQU6MN;
				INFOPLIST_FILE = WeatherTests/Info.plist;
				IPHONEOS_DEPLOYMENT_TARGET = 14.3;
				LD_RUNPATH_SEARCH_PATHS = (
					"$(inherited)",
					"@executable_path/Frameworks",
					"@loader_path/Frameworks",
				);
				PRODUCT_BUNDLE_IDENTIFIER = iOS.WeatherTests;
				PRODUCT_NAME = "$(TARGET_NAME)";
				SWIFT_VERSION = 5.0;
				TARGETED_DEVICE_FAMILY = "1,2";
				TEST_HOST = "$(BUILT_PRODUCTS_DIR)/Weather.app/Weather";
			};
			name = Debug;
		};
		7F1225FB26741C430078CF3D /* Release */ = {
			isa = XCBuildConfiguration;
			buildSettings = {
				ALWAYS_EMBED_SWIFT_STANDARD_LIBRARIES = YES;
				BUNDLE_LOADER = "$(TEST_HOST)";
				CODE_SIGN_STYLE = Automatic;
				DEVELOPMENT_TEAM = RFPRDQU6MN;
				INFOPLIST_FILE = WeatherTests/Info.plist;
				IPHONEOS_DEPLOYMENT_TARGET = 14.3;
				LD_RUNPATH_SEARCH_PATHS = (
					"$(inherited)",
					"@executable_path/Frameworks",
					"@loader_path/Frameworks",
				);
				PRODUCT_BUNDLE_IDENTIFIER = iOS.WeatherTests;
				PRODUCT_NAME = "$(TARGET_NAME)";
				SWIFT_VERSION = 5.0;
				TARGETED_DEVICE_FAMILY = "1,2";
				TEST_HOST = "$(BUILT_PRODUCTS_DIR)/Weather.app/Weather";
			};
			name = Release;
		};
		7F1225FD26741C430078CF3D /* Debug */ = {
			isa = XCBuildConfiguration;
			buildSettings = {
				ALWAYS_EMBED_SWIFT_STANDARD_LIBRARIES = YES;
				CODE_SIGN_STYLE = Automatic;
				DEVELOPMENT_TEAM = RFPRDQU6MN;
				INFOPLIST_FILE = WeatherUITests/Info.plist;
				LD_RUNPATH_SEARCH_PATHS = (
					"$(inherited)",
					"@executable_path/Frameworks",
					"@loader_path/Frameworks",
				);
				PRODUCT_BUNDLE_IDENTIFIER = iOS.WeatherUITests;
				PRODUCT_NAME = "$(TARGET_NAME)";
				SWIFT_VERSION = 5.0;
				TARGETED_DEVICE_FAMILY = "1,2";
				TEST_TARGET_NAME = Weather;
			};
			name = Debug;
		};
		7F1225FE26741C430078CF3D /* Release */ = {
			isa = XCBuildConfiguration;
			buildSettings = {
				ALWAYS_EMBED_SWIFT_STANDARD_LIBRARIES = YES;
				CODE_SIGN_STYLE = Automatic;
				DEVELOPMENT_TEAM = RFPRDQU6MN;
				INFOPLIST_FILE = WeatherUITests/Info.plist;
				LD_RUNPATH_SEARCH_PATHS = (
					"$(inherited)",
					"@executable_path/Frameworks",
					"@loader_path/Frameworks",
				);
				PRODUCT_BUNDLE_IDENTIFIER = iOS.WeatherUITests;
				PRODUCT_NAME = "$(TARGET_NAME)";
				SWIFT_VERSION = 5.0;
				TARGETED_DEVICE_FAMILY = "1,2";
				TEST_TARGET_NAME = Weather;
			};
			name = Release;
		};
/* End XCBuildConfiguration section */

/* Begin XCConfigurationList section */
		7F1225C726741C3F0078CF3D /* Build configuration list for PBXProject "Weather" */ = {
			isa = XCConfigurationList;
			buildConfigurations = (
				7F1225F426741C430078CF3D /* Debug */,
				7F1225F526741C430078CF3D /* Release */,
			);
			defaultConfigurationIsVisible = 0;
			defaultConfigurationName = Release;
		};
		7F1225F626741C430078CF3D /* Build configuration list for PBXNativeTarget "Weather" */ = {
			isa = XCConfigurationList;
			buildConfigurations = (
				7F1225F726741C430078CF3D /* Debug */,
				7F1225F826741C430078CF3D /* Release */,
			);
			defaultConfigurationIsVisible = 0;
			defaultConfigurationName = Release;
		};
		7F1225F926741C430078CF3D /* Build configuration list for PBXNativeTarget "WeatherTests" */ = {
			isa = XCConfigurationList;
			buildConfigurations = (
				7F1225FA26741C430078CF3D /* Debug */,
				7F1225FB26741C430078CF3D /* Release */,
			);
			defaultConfigurationIsVisible = 0;
			defaultConfigurationName = Release;
		};
		7F1225FC26741C430078CF3D /* Build configuration list for PBXNativeTarget "WeatherUITests" */ = {
			isa = XCConfigurationList;
			buildConfigurations = (
				7F1225FD26741C430078CF3D /* Debug */,
				7F1225FE26741C430078CF3D /* Release */,
			);
			defaultConfigurationIsVisible = 0;
			defaultConfigurationName = Release;
		};
/* End XCConfigurationList section */
	};
	rootObject = 7F1225C426741C3F0078CF3D /* Project object */;
}
